// !$*UTF8*$!
{
	archiveVersion = 1;
	classes = {
	};
	objectVersion = 55;
	objects = {

/* Begin PBXBuildFile section */
		878842C927D9ED7E00ED87FC /* AppDelegate.swift in Sources */ = {isa = PBXBuildFile; fileRef = 878842C827D9ED7E00ED87FC /* AppDelegate.swift */; };
		878842CD27D9ED7E00ED87FC /* CountrySearchViewController.swift in Sources */ = {isa = PBXBuildFile; fileRef = 878842CC27D9ED7E00ED87FC /* CountrySearchViewController.swift */; };
		878842D227D9ED8000ED87FC /* Assets.xcassets in Resources */ = {isa = PBXBuildFile; fileRef = 878842D127D9ED8000ED87FC /* Assets.xcassets */; };
		878842D527D9ED8000ED87FC /* LaunchScreen.storyboard in Resources */ = {isa = PBXBuildFile; fileRef = 878842D327D9ED8000ED87FC /* LaunchScreen.storyboard */; };
		878842DE27D9F41100ED87FC /* CountrySearchNetwork.swift in Sources */ = {isa = PBXBuildFile; fileRef = 878842DD27D9F41100ED87FC /* CountrySearchNetwork.swift */; };
		878842E227D9FC2900ED87FC /* CountryModelRaw.swift in Sources */ = {isa = PBXBuildFile; fileRef = 878842E127D9FC2900ED87FC /* CountryModelRaw.swift */; };
		878842E527DA0E6100ED87FC /* CountrySearchProcess.swift in Sources */ = {isa = PBXBuildFile; fileRef = 878842E427DA0E6100ED87FC /* CountrySearchProcess.swift */; };
		878842E727DA0E8200ED87FC /* Router.swift in Sources */ = {isa = PBXBuildFile; fileRef = 878842E627DA0E8200ED87FC /* Router.swift */; };
		878842EF27DA10EB00ED87FC /* BaseViewController.swift in Sources */ = {isa = PBXBuildFile; fileRef = 878842EE27DA10EB00ED87FC /* BaseViewController.swift */; };
		878842F227DA111A00ED87FC /* Process.swift in Sources */ = {isa = PBXBuildFile; fileRef = 878842F127DA111A00ED87FC /* Process.swift */; };
		878842F527DA122E00ED87FC /* NetworkService.swift in Sources */ = {isa = PBXBuildFile; fileRef = 878842F427DA122E00ED87FC /* NetworkService.swift */; };
		878842F827DA1DE000ED87FC /* CountryCell.swift in Sources */ = {isa = PBXBuildFile; fileRef = 878842F727DA1DE000ED87FC /* CountryCell.swift */; };
		878842FA27DA2D9700ED87FC /* CountryDetailsViewController.swift in Sources */ = {isa = PBXBuildFile; fileRef = 878842F927DA2D9700ED87FC /* CountryDetailsViewController.swift */; };
		8788430127DA4B9400ED87FC /* ImageLoading.swift in Sources */ = {isa = PBXBuildFile; fileRef = 8788430027DA4B9400ED87FC /* ImageLoading.swift */; };
		8788430327DA58F500ED87FC /* StatusCell.swift in Sources */ = {isa = PBXBuildFile; fileRef = 8788430227DA58F500ED87FC /* StatusCell.swift */; };
		8788430627DA64C700ED87FC /* CountrySearchUIState.swift in Sources */ = {isa = PBXBuildFile; fileRef = 8788430527DA64C700ED87FC /* CountrySearchUIState.swift */; };
/* End PBXBuildFile section */

/* Begin PBXFileReference section */
		878842C527D9ED7E00ED87FC /* CountiesApp.app */ = {isa = PBXFileReference; explicitFileType = wrapper.application; includeInIndex = 0; path = CountiesApp.app; sourceTree = BUILT_PRODUCTS_DIR; };
		878842C827D9ED7E00ED87FC /* AppDelegate.swift */ = {isa = PBXFileReference; lastKnownFileType = sourcecode.swift; path = AppDelegate.swift; sourceTree = "<group>"; };
		878842CC27D9ED7E00ED87FC /* CountrySearchViewController.swift */ = {isa = PBXFileReference; lastKnownFileType = sourcecode.swift; path = CountrySearchViewController.swift; sourceTree = "<group>"; };
		878842D127D9ED8000ED87FC /* Assets.xcassets */ = {isa = PBXFileReference; lastKnownFileType = folder.assetcatalog; path = Assets.xcassets; sourceTree = "<group>"; };
		878842D427D9ED8000ED87FC /* Base */ = {isa = PBXFileReference; lastKnownFileType = file.storyboard; name = Base; path = Base.lproj/LaunchScreen.storyboard; sourceTree = "<group>"; };
		878842D627D9ED8000ED87FC /* Info.plist */ = {isa = PBXFileReference; lastKnownFileType = text.plist.xml; path = Info.plist; sourceTree = "<group>"; };
		878842DD27D9F41100ED87FC /* CountrySearchNetwork.swift */ = {isa = PBXFileReference; lastKnownFileType = sourcecode.swift; path = CountrySearchNetwork.swift; sourceTree = "<group>"; };
		878842E127D9FC2900ED87FC /* CountryModelRaw.swift */ = {isa = PBXFileReference; lastKnownFileType = sourcecode.swift; path = CountryModelRaw.swift; sourceTree = "<group>"; };
		878842E427DA0E6100ED87FC /* CountrySearchProcess.swift */ = {isa = PBXFileReference; lastKnownFileType = sourcecode.swift; path = CountrySearchProcess.swift; sourceTree = "<group>"; };
		878842E627DA0E8200ED87FC /* Router.swift */ = {isa = PBXFileReference; lastKnownFileType = sourcecode.swift; path = Router.swift; sourceTree = "<group>"; };
		878842EE27DA10EB00ED87FC /* BaseViewController.swift */ = {isa = PBXFileReference; lastKnownFileType = sourcecode.swift; path = BaseViewController.swift; sourceTree = "<group>"; };
		878842F127DA111A00ED87FC /* Process.swift */ = {isa = PBXFileReference; lastKnownFileType = sourcecode.swift; path = Process.swift; sourceTree = "<group>"; };
		878842F427DA122E00ED87FC /* NetworkService.swift */ = {isa = PBXFileReference; lastKnownFileType = sourcecode.swift; path = NetworkService.swift; sourceTree = "<group>"; };
		878842F727DA1DE000ED87FC /* CountryCell.swift */ = {isa = PBXFileReference; lastKnownFileType = sourcecode.swift; path = CountryCell.swift; sourceTree = "<group>"; };
		878842F927DA2D9700ED87FC /* CountryDetailsViewController.swift */ = {isa = PBXFileReference; lastKnownFileType = sourcecode.swift; path = CountryDetailsViewController.swift; sourceTree = "<group>"; };
		8788430027DA4B9400ED87FC /* ImageLoading.swift */ = {isa = PBXFileReference; lastKnownFileType = sourcecode.swift; path = ImageLoading.swift; sourceTree = "<group>"; };
		8788430227DA58F500ED87FC /* StatusCell.swift */ = {isa = PBXFileReference; lastKnownFileType = sourcecode.swift; path = StatusCell.swift; sourceTree = "<group>"; };
		8788430527DA64C700ED87FC /* CountrySearchUIState.swift */ = {isa = PBXFileReference; lastKnownFileType = sourcecode.swift; path = CountrySearchUIState.swift; sourceTree = "<group>"; };
/* End PBXFileReference section */

/* Begin PBXFrameworksBuildPhase section */
		878842C227D9ED7E00ED87FC /* Frameworks */ = {
			isa = PBXFrameworksBuildPhase;
			buildActionMask = 2147483647;
			files = (
			);
			runOnlyForDeploymentPostprocessing = 0;
		};
/* End PBXFrameworksBuildPhase section */

/* Begin PBXGroup section */
		878842BC27D9ED7E00ED87FC = {
			isa = PBXGroup;
			children = (
				878842C727D9ED7E00ED87FC /* CountiesApp */,
				878842C627D9ED7E00ED87FC /* Products */,
			);
			sourceTree = "<group>";
		};
		878842C627D9ED7E00ED87FC /* Products */ = {
			isa = PBXGroup;
			children = (
				878842C527D9ED7E00ED87FC /* CountiesApp.app */,
			);
			name = Products;
			sourceTree = "<group>";
		};
		878842C727D9ED7E00ED87FC /* CountiesApp */ = {
			isa = PBXGroup;
			children = (
				878842C827D9ED7E00ED87FC /* AppDelegate.swift */,
				878842E627DA0E8200ED87FC /* Router.swift */,
				878842EC27DA10D300ED87FC /* Shared */,
				878842EB27DA109100ED87FC /* Country Search Feature */,
				878842D127D9ED8000ED87FC /* Assets.xcassets */,
				878842D327D9ED8000ED87FC /* LaunchScreen.storyboard */,
				878842D627D9ED8000ED87FC /* Info.plist */,
			);
			path = CountiesApp;
			sourceTree = "<group>";
		};
		878842DC27D9F3E200ED87FC /* Network Layer */ = {
			isa = PBXGroup;
			children = (
				878842DD27D9F41100ED87FC /* CountrySearchNetwork.swift */,
			);
			path = "Network Layer";
			sourceTree = "<group>";
		};
		878842DF27D9FC1700ED87FC /* Domain Layer */ = {
			isa = PBXGroup;
			children = (
				878842E427DA0E6100ED87FC /* CountrySearchProcess.swift */,
				878842E027D9FC1D00ED87FC /* Models */,
			);
			path = "Domain Layer";
			sourceTree = "<group>";
		};
		878842E027D9FC1D00ED87FC /* Models */ = {
			isa = PBXGroup;
			children = (
				878842E127D9FC2900ED87FC /* CountryModelRaw.swift */,
			);
			path = Models;
			sourceTree = "<group>";
		};
		878842E827DA100F00ED87FC /* UI Layer */ = {
			isa = PBXGroup;
			children = (
				8788430427DA649A00ED87FC /* States */,
				878842F627DA1C5D00ED87FC /* Cells */,
				878842E927DA101E00ED87FC /* ViewControllers */,
			);
			path = "UI Layer";
			sourceTree = "<group>";
		};
		878842E927DA101E00ED87FC /* ViewControllers */ = {
			isa = PBXGroup;
			children = (
				878842CC27D9ED7E00ED87FC /* CountrySearchViewController.swift */,
				878842F927DA2D9700ED87FC /* CountryDetailsViewController.swift */,
			);
			path = ViewControllers;
			sourceTree = "<group>";
		};
		878842EB27DA109100ED87FC /* Country Search Feature */ = {
			isa = PBXGroup;
			children = (
				878842E827DA100F00ED87FC /* UI Layer */,
				878842DF27D9FC1700ED87FC /* Domain Layer */,
				878842DC27D9F3E200ED87FC /* Network Layer */,
			);
			path = "Country Search Feature";
			sourceTree = "<group>";
		};
		878842EC27DA10D300ED87FC /* Shared */ = {
			isa = PBXGroup;
			children = (
				878842F327DA121300ED87FC /* Network */,
				878842F027DA110900ED87FC /* Protocols */,
				878842ED27DA10DB00ED87FC /* View Controllers */,
			);
			path = Shared;
			sourceTree = "<group>";
		};
		878842ED27DA10DB00ED87FC /* View Controllers */ = {
			isa = PBXGroup;
			children = (
				878842EE27DA10EB00ED87FC /* BaseViewController.swift */,
			);
			path = "View Controllers";
			sourceTree = "<group>";
		};
		878842F027DA110900ED87FC /* Protocols */ = {
			isa = PBXGroup;
			children = (
				878842F127DA111A00ED87FC /* Process.swift */,
			);
			path = Protocols;
			sourceTree = "<group>";
		};
		878842F327DA121300ED87FC /* Network */ = {
			isa = PBXGroup;
			children = (
				878842F427DA122E00ED87FC /* NetworkService.swift */,
				8788430027DA4B9400ED87FC /* ImageLoading.swift */,
			);
			path = Network;
			sourceTree = "<group>";
		};
		878842F627DA1C5D00ED87FC /* Cells */ = {
			isa = PBXGroup;
			children = (
				878842F727DA1DE000ED87FC /* CountryCell.swift */,
				8788430227DA58F500ED87FC /* StatusCell.swift */,
			);
			path = Cells;
			sourceTree = "<group>";
		};
		8788430427DA649A00ED87FC /* States */ = {
			isa = PBXGroup;
			children = (
				8788430527DA64C700ED87FC /* CountrySearchUIState.swift */,
			);
			path = States;
			sourceTree = "<group>";
		};
/* End PBXGroup section */

/* Begin PBXNativeTarget section */
		878842C427D9ED7E00ED87FC /* CountiesApp */ = {
			isa = PBXNativeTarget;
			buildConfigurationList = 878842D927D9ED8000ED87FC /* Build configuration list for PBXNativeTarget "CountiesApp" */;
			buildPhases = (
				878842C127D9ED7E00ED87FC /* Sources */,
				878842C227D9ED7E00ED87FC /* Frameworks */,
				878842C327D9ED7E00ED87FC /* Resources */,
			);
			buildRules = (
			);
			dependencies = (
			);
			name = CountiesApp;
			productName = CountiesApp;
			productReference = 878842C527D9ED7E00ED87FC /* CountiesApp.app */;
			productType = "com.apple.product-type.application";
		};
/* End PBXNativeTarget section */

/* Begin PBXProject section */
		878842BD27D9ED7E00ED87FC /* Project object */ = {
			isa = PBXProject;
			attributes = {
				BuildIndependentTargetsInParallel = 1;
				LastSwiftUpdateCheck = 1320;
				LastUpgradeCheck = 1320;
				TargetAttributes = {
					878842C427D9ED7E00ED87FC = {
						CreatedOnToolsVersion = 13.2;
					};
				};
			};
			buildConfigurationList = 878842C027D9ED7E00ED87FC /* Build configuration list for PBXProject "CountiesApp" */;
			compatibilityVersion = "Xcode 13.0";
			developmentRegion = en;
			hasScannedForEncodings = 0;
			knownRegions = (
				en,
				Base,
			);
			mainGroup = 878842BC27D9ED7E00ED87FC;
			productRefGroup = 878842C627D9ED7E00ED87FC /* Products */;
			projectDirPath = "";
			projectRoot = "";
			targets = (
				878842C427D9ED7E00ED87FC /* CountiesApp */,
			);
		};
/* End PBXProject section */

/* Begin PBXResourcesBuildPhase section */
		878842C327D9ED7E00ED87FC /* Resources */ = {
			isa = PBXResourcesBuildPhase;
			buildActionMask = 2147483647;
			files = (
				878842D527D9ED8000ED87FC /* LaunchScreen.storyboard in Resources */,
				878842D227D9ED8000ED87FC /* Assets.xcassets in Resources */,
			);
			runOnlyForDeploymentPostprocessing = 0;
		};
/* End PBXResourcesBuildPhase section */

/* Begin PBXSourcesBuildPhase section */
		878842C127D9ED7E00ED87FC /* Sources */ = {
			isa = PBXSourcesBuildPhase;
			buildActionMask = 2147483647;
			files = (
				8788430627DA64C700ED87FC /* CountrySearchUIState.swift in Sources */,
				878842E527DA0E6100ED87FC /* CountrySearchProcess.swift in Sources */,
				878842CD27D9ED7E00ED87FC /* CountrySearchViewController.swift in Sources */,
				878842F827DA1DE000ED87FC /* CountryCell.swift in Sources */,
				878842C927D9ED7E00ED87FC /* AppDelegate.swift in Sources */,
				878842E727DA0E8200ED87FC /* Router.swift in Sources */,
				878842DE27D9F41100ED87FC /* CountrySearchNetwork.swift in Sources */,
				8788430327DA58F500ED87FC /* StatusCell.swift in Sources */,
				8788430127DA4B9400ED87FC /* ImageLoading.swift in Sources */,
				878842FA27DA2D9700ED87FC /* CountryDetailsViewController.swift in Sources */,
				878842F527DA122E00ED87FC /* NetworkService.swift in Sources */,
				878842EF27DA10EB00ED87FC /* BaseViewController.swift in Sources */,
				878842E227D9FC2900ED87FC /* CountryModelRaw.swift in Sources */,
				878842F227DA111A00ED87FC /* Process.swift in Sources */,
			);
			runOnlyForDeploymentPostprocessing = 0;
		};
/* End PBXSourcesBuildPhase section */

/* Begin PBXVariantGroup section */
		878842D327D9ED8000ED87FC /* LaunchScreen.storyboard */ = {
			isa = PBXVariantGroup;
			children = (
				878842D427D9ED8000ED87FC /* Base */,
			);
			name = LaunchScreen.storyboard;
			sourceTree = "<group>";
		};
/* End PBXVariantGroup section */

/* Begin XCBuildConfiguration section */
		878842D727D9ED8000ED87FC /* Debug */ = {
			isa = XCBuildConfiguration;
			buildSettings = {
				ALWAYS_SEARCH_USER_PATHS = NO;
				CLANG_ANALYZER_NONNULL = YES;
				CLANG_ANALYZER_NUMBER_OBJECT_CONVERSION = YES_AGGRESSIVE;
				CLANG_CXX_LANGUAGE_STANDARD = "gnu++17";
				CLANG_CXX_LIBRARY = "libc++";
				CLANG_ENABLE_MODULES = YES;
				CLANG_ENABLE_OBJC_ARC = YES;
				CLANG_ENABLE_OBJC_WEAK = YES;
				CLANG_WARN_BLOCK_CAPTURE_AUTORELEASING = YES;
				CLANG_WARN_BOOL_CONVERSION = YES;
				CLANG_WARN_COMMA = YES;
				CLANG_WARN_CONSTANT_CONVERSION = YES;
				CLANG_WARN_DEPRECATED_OBJC_IMPLEMENTATIONS = YES;
				CLANG_WARN_DIRECT_OBJC_ISA_USAGE = YES_ERROR;
				CLANG_WARN_DOCUMENTATION_COMMENTS = YES;
				CLANG_WARN_EMPTY_BODY = YES;
				CLANG_WARN_ENUM_CONVERSION = YES;
				CLANG_WARN_INFINITE_RECURSION = YES;
				CLANG_WARN_INT_CONVERSION = YES;
				CLANG_WARN_NON_LITERAL_NULL_CONVERSION = YES;
				CLANG_WARN_OBJC_IMPLICIT_RETAIN_SELF = YES;
				CLANG_WARN_OBJC_LITERAL_CONVERSION = YES;
				CLANG_WARN_OBJC_ROOT_CLASS = YES_ERROR;
				CLANG_WARN_QUOTED_INCLUDE_IN_FRAMEWORK_HEADER = YES;
				CLANG_WARN_RANGE_LOOP_ANALYSIS = YES;
				CLANG_WARN_STRICT_PROTOTYPES = YES;
				CLANG_WARN_SUSPICIOUS_MOVE = YES;
				CLANG_WARN_UNGUARDED_AVAILABILITY = YES_AGGRESSIVE;
				CLANG_WARN_UNREACHABLE_CODE = YES;
				CLANG_WARN__DUPLICATE_METHOD_MATCH = YES;
				COPY_PHASE_STRIP = NO;
				DEBUG_INFORMATION_FORMAT = dwarf;
				ENABLE_STRICT_OBJC_MSGSEND = YES;
				ENABLE_TESTABILITY = YES;
				GCC_C_LANGUAGE_STANDARD = gnu11;
				GCC_DYNAMIC_NO_PIC = NO;
				GCC_NO_COMMON_BLOCKS = YES;
				GCC_OPTIMIZATION_LEVEL = 0;
				GCC_PREPROCESSOR_DEFINITIONS = (
					"DEBUG=1",
					"$(inherited)",
				);
				GCC_WARN_64_TO_32_BIT_CONVERSION = YES;
				GCC_WARN_ABOUT_RETURN_TYPE = YES_ERROR;
				GCC_WARN_UNDECLARED_SELECTOR = YES;
				GCC_WARN_UNINITIALIZED_AUTOS = YES_AGGRESSIVE;
				GCC_WARN_UNUSED_FUNCTION = YES;
				GCC_WARN_UNUSED_VARIABLE = YES;
				IPHONEOS_DEPLOYMENT_TARGET = 15.2;
				MTL_ENABLE_DEBUG_INFO = INCLUDE_SOURCE;
				MTL_FAST_MATH = YES;
				ONLY_ACTIVE_ARCH = YES;
				SDKROOT = iphoneos;
				SWIFT_ACTIVE_COMPILATION_CONDITIONS = DEBUG;
				SWIFT_OPTIMIZATION_LEVEL = "-Onone";
			};
			name = Debug;
		};
		878842D827D9ED8000ED87FC /* Release */ = {
			isa = XCBuildConfiguration;
			buildSettings = {
				ALWAYS_SEARCH_USER_PATHS = NO;
				CLANG_ANALYZER_NONNULL = YES;
				CLANG_ANALYZER_NUMBER_OBJECT_CONVERSION = YES_AGGRESSIVE;
				CLANG_CXX_LANGUAGE_STANDARD = "gnu++17";
				CLANG_CXX_LIBRARY = "libc++";
				CLANG_ENABLE_MODULES = YES;
				CLANG_ENABLE_OBJC_ARC = YES;
				CLANG_ENABLE_OBJC_WEAK = YES;
				CLANG_WARN_BLOCK_CAPTURE_AUTORELEASING = YES;
				CLANG_WARN_BOOL_CONVERSION = YES;
				CLANG_WARN_COMMA = YES;
				CLANG_WARN_CONSTANT_CONVERSION = YES;
				CLANG_WARN_DEPRECATED_OBJC_IMPLEMENTATIONS = YES;
				CLANG_WARN_DIRECT_OBJC_ISA_USAGE = YES_ERROR;
				CLANG_WARN_DOCUMENTATION_COMMENTS = YES;
				CLANG_WARN_EMPTY_BODY = YES;
				CLANG_WARN_ENUM_CONVERSION = YES;
				CLANG_WARN_INFINITE_RECURSION = YES;
				CLANG_WARN_INT_CONVERSION = YES;
				CLANG_WARN_NON_LITERAL_NULL_CONVERSION = YES;
				CLANG_WARN_OBJC_IMPLICIT_RETAIN_SELF = YES;
				CLANG_WARN_OBJC_LITERAL_CONVERSION = YES;
				CLANG_WARN_OBJC_ROOT_CLASS = YES_ERROR;
				CLANG_WARN_QUOTED_INCLUDE_IN_FRAMEWORK_HEADER = YES;
				CLANG_WARN_RANGE_LOOP_ANALYSIS = YES;
				CLANG_WARN_STRICT_PROTOTYPES = YES;
				CLANG_WARN_SUSPICIOUS_MOVE = YES;
				CLANG_WARN_UNGUARDED_AVAILABILITY = YES_AGGRESSIVE;
				CLANG_WARN_UNREACHABLE_CODE = YES;
				CLANG_WARN__DUPLICATE_METHOD_MATCH = YES;
				COPY_PHASE_STRIP = NO;
				DEBUG_INFORMATION_FORMAT = "dwarf-with-dsym";
				ENABLE_NS_ASSERTIONS = NO;
				ENABLE_STRICT_OBJC_MSGSEND = YES;
				GCC_C_LANGUAGE_STANDARD = gnu11;
				GCC_NO_COMMON_BLOCKS = YES;
				GCC_WARN_64_TO_32_BIT_CONVERSION = YES;
				GCC_WARN_ABOUT_RETURN_TYPE = YES_ERROR;
				GCC_WARN_UNDECLARED_SELECTOR = YES;
				GCC_WARN_UNINITIALIZED_AUTOS = YES_AGGRESSIVE;
				GCC_WARN_UNUSED_FUNCTION = YES;
				GCC_WARN_UNUSED_VARIABLE = YES;
				IPHONEOS_DEPLOYMENT_TARGET = 15.2;
				MTL_ENABLE_DEBUG_INFO = NO;
				MTL_FAST_MATH = YES;
				SDKROOT = iphoneos;
				SWIFT_COMPILATION_MODE = wholemodule;
				SWIFT_OPTIMIZATION_LEVEL = "-O";
				VALIDATE_PRODUCT = YES;
			};
			name = Release;
		};
		878842DA27D9ED8000ED87FC /* Debug */ = {
			isa = XCBuildConfiguration;
			buildSettings = {
				ASSETCATALOG_COMPILER_APPICON_NAME = AppIcon;
				ASSETCATALOG_COMPILER_GLOBAL_ACCENT_COLOR_NAME = AccentColor;
				CODE_SIGN_STYLE = Automatic;
				CURRENT_PROJECT_VERSION = 1;
				DEVELOPMENT_TEAM = 2PKVZCQ5NM;
				GENERATE_INFOPLIST_FILE = YES;
				INFOPLIST_FILE = CountiesApp/Info.plist;
				INFOPLIST_KEY_UIApplicationSupportsIndirectInputEvents = YES;
				INFOPLIST_KEY_UILaunchStoryboardName = LaunchScreen;
				INFOPLIST_KEY_UISupportedInterfaceOrientations_iPad = "UIInterfaceOrientationPortrait UIInterfaceOrientationPortraitUpsideDown UIInterfaceOrientationLandscapeLeft UIInterfaceOrientationLandscapeRight";
				INFOPLIST_KEY_UISupportedInterfaceOrientations_iPhone = "UIInterfaceOrientationPortrait UIInterfaceOrientationLandscapeLeft UIInterfaceOrientationLandscapeRight";
				LD_RUNPATH_SEARCH_PATHS = (
					"$(inherited)",
					"@executable_path/Frameworks",
				);
				MARKETING_VERSION = 1.0;
				PRODUCT_BUNDLE_IDENTIFIER = pro.ihor.CountiesApp;
				PRODUCT_NAME = "$(TARGET_NAME)";
				SWIFT_EMIT_LOC_STRINGS = YES;
				SWIFT_VERSION = 5.0;
				TARGETED_DEVICE_FAMILY = "1,2";
			};
			name = Debug;
		};
		878842DB27D9ED8000ED87FC /* Release */ = {
			isa = XCBuildConfiguration;
			buildSettings = {
				ASSETCATALOG_COMPILER_APPICON_NAME = AppIcon;
				ASSETCATALOG_COMPILER_GLOBAL_ACCENT_COLOR_NAME = AccentColor;
				CODE_SIGN_STYLE = Automatic;
				CURRENT_PROJECT_VERSION = 1;
				DEVELOPMENT_TEAM = 2PKVZCQ5NM;
				GENERATE_INFOPLIST_FILE = YES;
				INFOPLIST_FILE = CountiesApp/Info.plist;
				INFOPLIST_KEY_UIApplicationSupportsIndirectInputEvents = YES;
				INFOPLIST_KEY_UILaunchStoryboardName = LaunchScreen;
				INFOPLIST_KEY_UISupportedInterfaceOrientations_iPad = "UIInterfaceOrientationPortrait UIInterfaceOrientationPortraitUpsideDown UIInterfaceOrientationLandscapeLeft UIInterfaceOrientationLandscapeRight";
				INFOPLIST_KEY_UISupportedInterfaceOrientations_iPhone = "UIInterfaceOrientationPortrait UIInterfaceOrientationLandscapeLeft UIInterfaceOrientationLandscapeRight";
				LD_RUNPATH_SEARCH_PATHS = (
					"$(inherited)",
					"@executable_path/Frameworks",
				);
				MARKETING_VERSION = 1.0;
				PRODUCT_BUNDLE_IDENTIFIER = pro.ihor.CountiesApp;
				PRODUCT_NAME = "$(TARGET_NAME)";
				SWIFT_EMIT_LOC_STRINGS = YES;
				SWIFT_VERSION = 5.0;
				TARGETED_DEVICE_FAMILY = "1,2";
			};
			name = Release;
		};
/* End XCBuildConfiguration section */

/* Begin XCConfigurationList section */
		878842C027D9ED7E00ED87FC /* Build configuration list for PBXProject "CountiesApp" */ = {
			isa = XCConfigurationList;
			buildConfigurations = (
				878842D727D9ED8000ED87FC /* Debug */,
				878842D827D9ED8000ED87FC /* Release */,
			);
			defaultConfigurationIsVisible = 0;
			defaultConfigurationName = Release;
		};
		878842D927D9ED8000ED87FC /* Build configuration list for PBXNativeTarget "CountiesApp" */ = {
			isa = XCConfigurationList;
			buildConfigurations = (
				878842DA27D9ED8000ED87FC /* Debug */,
				878842DB27D9ED8000ED87FC /* Release */,
			);
			defaultConfigurationIsVisible = 0;
			defaultConfigurationName = Release;
		};
/* End XCConfigurationList section */
	};
	rootObject = 878842BD27D9ED7E00ED87FC /* Project object */;
}
